
Microsoft Visual Studio Solution File, Format Version 12.00
# Visual Studio 15
VisualStudioVersion = 15.0.27004.2005
MinimumVisualStudioVersion = 10.0.40219.1
Project("{FAE04EC0-301F-11D3-BF4B-00C04F79EFBC}") = "03_Battleship", "03_Battleship\03_Battleship.csproj", "{88DAD3D2-03D1-432B-96C2-9B675DD15557}"
EndProject
Global
	GlobalSection(SolutionConfigurationPlatforms) = preSolution
		Debug|Any CPU = Debug|Any CPU
		Release|Any CPU = Release|Any CPU
	EndGlobalSection
	GlobalSection(ProjectConfigurationPlatforms) = postSolution
		{88DAD3D2-03D1-432B-96C2-9B675DD15557}.Debug|Any CPU.ActiveCfg = Debug|Any CPU
		{88DAD3D2-03D1-432B-96C2-9B675DD15557}.Debug|Any CPU.Build.0 = Debug|Any CPU
		{88DAD3D2-03D1-432B-96C2-9B675DD15557}.Release|Any CPU.ActiveCfg = Release|Any CPU
		{88DAD3D2-03D1-432B-96C2-9B675DD15557}.Release|Any CPU.Build.0 = Release|Any CPU
	EndGlobalSection
	GlobalSection(SolutionProperties) = preSolution
		HideSolutionNode = FALSE
	EndGlobalSection
	GlobalSection(ExtensibilityGlobals) = postSolution
		SolutionGuid = {76FEE8B1-204A-4F57-B2C6-BC9B5A8585AB}
	EndGlobalSection
EndGlobal
